Microsoft Visual Studio Solution File, Format Version 12.00
# Visual Studio Version 17
VisualStudioVersion = 17.5.2.0
MinimumVisualStudioVersion = 10.0.40219.1
Project("{FAE04EC0-301F-11D3-BF4B-00C04F79EFBC}") = "Challenge-2.2", "Challenge-2.2.csproj", "{FA0D3188-839E-7DE6-6614-0013A26DCA5A}"
EndProject
Global
	GlobalSection(SolutionConfigurationPlatforms) = preSolution
		Debug|Any CPU = Debug|Any CPU
		Release|Any CPU = Release|Any CPU
	EndGlobalSection
	GlobalSection(ProjectConfigurationPlatforms) = postSolution
		{FA0D3188-839E-7DE6-6614-0013A26DCA5A}.Debug|Any CPU.ActiveCfg = Debug|Any CPU
		{FA0D3188-839E-7DE6-6614-0013A26DCA5A}.Debug|Any CPU.Build.0 = Debug|Any CPU
		{FA0D3188-839E-7DE6-6614-0013A26DCA5A}.Release|Any CPU.ActiveCfg = Release|Any CPU
		{FA0D3188-839E-7DE6-6614-0013A26DCA5A}.Release|Any CPU.Build.0 = Release|Any CPU
	EndGlobalSection
	GlobalSection(SolutionProperties) = preSolution
		HideSolutionNode = FALSE
	EndGlobalSection
	GlobalSection(ExtensibilityGlobals) = postSolution
		SolutionGuid = {70484556-A12A-4C65-BB11-D3E17B5A785A}
	EndGlobalSection
EndGlobal
